# THIS IS AN AUTOGENERATED FILE. DO NOT EDIT THIS FILE DIRECTLY.
# yarn lockfile v1


amdefine@>=0.0.4:
  version "1.0.1"
  resolved "https://registry.yarnpkg.com/amdefine/-/amdefine-1.0.1.tgz#4a5282ac164729e93619bcfd3ad151f817ce91f5"

clean-css@^3.0.1:
  version "3.4.28"
  resolved "https://registry.yarnpkg.com/clean-css/-/clean-css-3.4.28.tgz#bf1945e82fc808f55695e6ddeaec01400efd03ff"
  dependencies:
    commander "2.8.x"
    source-map "0.4.x"

commander@2.8.x:
  version "2.8.1"
  resolved "https://registry.yarnpkg.com/commander/-/commander-2.8.1.tgz#06be367febfda0c330aa1e2a072d3dc9762425d4"
  dependencies:
    graceful-readlink ">= 1.0.0"

"graceful-readlink@>= 1.0.0":
  version "1.0.1"
  resolved "https://registry.yarnpkg.com/graceful-readlink/-/graceful-readlink-1.0.1.tgz#4cafad76bc62f02fa039b2f94e9a3dd3a391a725"

imba-router@^0.2.0:
  version "0.2.0"
  resolved "https://registry.yarnpkg.com/imba-router/-/imba-router-0.2.0.tgz#28c066d9e4c3a119533479491a6b0f66c89519a9"
  dependencies:
    imba "1.x"

imba@1.x:
  version "1.3.3"
  resolved "https://registry.yarnpkg.com/imba/-/imba-1.3.3.tgz#62156d5c679810c47dce56538dbfc1d3e408cf94"

less-plugin-clean-css@^1.5.1:
  version "1.5.1"
  resolved "https://registry.yarnpkg.com/less-plugin-clean-css/-/less-plugin-clean-css-1.5.1.tgz#cc57af7aa3398957e56decebe63cb60c23429703"
  dependencies:
    clean-css "^3.0.1"

marked@^0.5.2:
  version "0.5.2"
  resolved "https://registry.yarnpkg.com/marked/-/marked-0.5.2.tgz#3efdb27b1fd0ecec4f5aba362bddcd18120e5ba9"
  integrity sha512-fdZvBa7/vSQIZCi4uuwo2N3q+7jJURpMVCcbaX0S1Mg65WZ5ilXvC67MviJAsdjqqgD+CEq4RKo5AYGgINkVAA==

source-map@0.4.x:
  version "0.4.4"
  resolved "https://registry.yarnpkg.com/source-map/-/source-map-0.4.4.tgz#eba4f5da9c0dc999de68032d8b4f76173652036b"
  dependencies:
    amdefine ">=0.0.4"
